
Microsoft Visual Studio Solution File, Format Version 12.00
# Visual Studio Version 17
VisualStudioVersion = 17.10.35013.160
MinimumVisualStudioVersion = 10.0.40219.1
Project("{9A19103F-16F7-4668-BE54-9A1E7A4F7556}") = "Fighters", "Fighters.csproj", "{179D8E8E-B56B-4054-95BA-B9806F30E24C}"
EndProject
Global
	GlobalSection(SolutionConfigurationPlatforms) = preSolution
		Debug|Any CPU = Debug|Any CPU
		Release|Any CPU = Release|Any CPU
	EndGlobalSection
	GlobalSection(ProjectConfigurationPlatforms) = postSolution
		{179D8E8E-B56B-4054-95BA-B9806F30E24C}.Debug|Any CPU.ActiveCfg = Debug|Any CPU
		{179D8E8E-B56B-4054-95BA-B9806F30E24C}.Debug|Any CPU.Build.0 = Debug|Any CPU
		{179D8E8E-B56B-4054-95BA-B9806F30E24C}.Release|Any CPU.ActiveCfg = Release|Any CPU
		{179D8E8E-B56B-4054-95BA-B9806F30E24C}.Release|Any CPU.Build.0 = Release|Any CPU
	EndGlobalSection
	GlobalSection(SolutionProperties) = preSolution
		HideSolutionNode = FALSE
	EndGlobalSection
	GlobalSection(ExtensibilityGlobals) = postSolution
		SolutionGuid = {14C3F6D0-302E-41B0-A11E-809EA5DF7442}
	EndGlobalSection
EndGlobal
